
Microsoft Visual Studio Solution File, Format Version 12.00
# Visual Studio Version 17
VisualStudioVersion = 17.8.34316.72
MinimumVisualStudioVersion = 10.0.40219.1
Project("{FAE04EC0-301F-11D3-BF4B-00C04F79EFBC}") = "PryanikHub", "PryanikHub\PryanikHub.csproj", "{00BE3D22-ABE2-4FA0-BFBC-F42806FBECA9}"
EndProject
Global
	GlobalSection(SolutionConfigurationPlatforms) = preSolution
		Debug|Any CPU = Debug|Any CPU
		Release|Any CPU = Release|Any CPU
	EndGlobalSection
	GlobalSection(ProjectConfigurationPlatforms) = postSolution
		{00BE3D22-ABE2-4FA0-BFBC-F42806FBECA9}.Debug|Any CPU.ActiveCfg = Debug|Any CPU
		{00BE3D22-ABE2-4FA0-BFBC-F42806FBECA9}.Debug|Any CPU.Build.0 = Debug|Any CPU
		{00BE3D22-ABE2-4FA0-BFBC-F42806FBECA9}.Release|Any CPU.ActiveCfg = Release|Any CPU
		{00BE3D22-ABE2-4FA0-BFBC-F42806FBECA9}.Release|Any CPU.Build.0 = Release|Any CPU
	EndGlobalSection
	GlobalSection(SolutionProperties) = preSolution
		HideSolutionNode = FALSE
	EndGlobalSection
	GlobalSection(ExtensibilityGlobals) = postSolution
		SolutionGuid = {EEAFC7F6-775F-42A1-B13C-56BE7D10FD9C}
	EndGlobalSection
EndGlobal
